<?xml version="1.0" encoding="utf-8"?>
<Project ToolsVersion="4.0" xmlns="http://schemas.microsoft.com/developer/msbuild/2003">
  <ItemGroup>
    <Filter Include="Source Files">
      <UniqueIdentifier>{4FC737F1-C7A5-4376-A066-2A32D752A2FF}</UniqueIdentifier>
      <Extensions>cpp;c;cc;cxx;def;odl;idl;hpj;bat;asm;asmx</Extensions>
    </Filter>
    <Filter Include="Header Files">
      <UniqueIdentifier>{93995380-89BD-4b04-88EB-625FBE52EBFB}</UniqueIdentifier>
      <Extensions>h;hh;hpp;hxx;hm;inl;inc;xsd</Extensions>
    </Filter>
    <Filter Include="Resource Files">
      <UniqueIdentifier>{67DA6AB6-F800-4c08-8B7A-83BB121AAD01}</UniqueIdentifier>
      <Extensions>rc;ico;cur;bmp;dlg;rc2;rct;bin;rgs;gif;jpg;jpeg;jpe;resx;tiff;tif;png;wav;mfcribbon-ms</Extensions>
    </Filter>
    <Filter Include="SPIFFS_1O">
      <UniqueIdentifier>{3ff396d5-5e63-4f7b-af1e-6ad83732d0b8}</UniqueIdentifier>
    </Filter>
    <Filter Include="SPIFFS_2O">
      <UniqueIdentifier>{37e26799-bfc4-4f8f-8e49-4dc84d87f656}</UniqueIdentifier>
    </Filter>
    <Filter Include="SPIFFS_allg">
      <UniqueIdentifier>{6d22126d-6a9c-4502-9556-a3ddddf097c2}</UniqueIdentifier>
    </Filter>
  </ItemGroup>
  <ItemGroup>
    <ClInclude Include="Modul_Info_1O.h">
      <Filter>Header Files</Filter>
    </ClInclude>
    <ClInclude Include="Modul_Info_2O.h">
      <Filter>Header Files</Filter>
    </ClInclude>
    <ClInclude Include="__vm\.ESP8266_Firmware.vsarduino.h">
      <Filter>Header Files</Filter>
    </ClInclude>
  </ItemGroup>
  <ItemGroup>
    <None Include="__1O_create_SPIFFS_bin_(1M_192K)+copy+upload.bat">
      <Filter>Source Files</Filter>
    </None>
    <None Include="ESP8266_Firmware.ino" />
    <None Include="data_1O\index.html">
      <Filter>SPIFFS_1O</Filter>
    </None>
    <None Include="data_1O\io.html">
      <Filter>SPIFFS_1O</Filter>
    </None>
    <None Include="data_2O\index.html">
      <Filter>SPIFFS_2O</Filter>
    </None>
    <None Include="data_2O\io.html">
      <Filter>SPIFFS_2O</Filter>
    </None>
    <None Include="data\admin.html">
      <Filter>SPIFFS_allg</Filter>
    </None>
    <None Include="data\functions.js">
      <Filter>SPIFFS_allg</Filter>
    </None>
    <None Include="data\info.html">
      <Filter>SPIFFS_allg</Filter>
    </None>
    <None Include="data\mqtt.html">
      <Filter>SPIFFS_allg</Filter>
    </None>
    <None Include="data\network.html">
      <Filter>SPIFFS_allg</Filter>
    </None>
    <None Include="data\ntp.html">
      <Filter>SPIFFS_allg</Filter>
    </None>
    <None Include="data\style.css">
      <Filter>SPIFFS_allg</Filter>
    </None>
    <None Include="data\system.html">
      <Filter>SPIFFS_allg</Filter>
    </None>
    <None Include="data\update.html">
      <Filter>SPIFFS_allg</Filter>
    </None>
  </ItemGroup>
  <ItemGroup>
    <Text Include="ToDo.txt" />
  </ItemGroup>
  <ItemGroup>
    <Image Include="data\favicon.ico">
      <Filter>SPIFFS_allg</Filter>
    </Image>
  </ItemGroup>
</Project>